
Microsoft Visual Studio Solution File, Format Version 12.00
# Visual Studio Version 16
VisualStudioVersion = 16.0.29806.167
MinimumVisualStudioVersion = 10.0.40219.1
Project("{FAE04EC0-301F-11D3-BF4B-00C04F79EFBC}") = "Observatory", "Observatory.csproj", "{706C9C07-06F7-4844-8535-6A8F65315398}"
EndProject
Project("{54435603-DBB4-11D2-8724-00A0C9A8B90C}") = "DomeControlSetup", "DomeControlSetup.vdproj", "{6ECB2996-FC7E-43F9-8EAC-3E6917DFC2CA}"
EndProject
Global
	GlobalSection(SolutionConfigurationPlatforms) = preSolution
		Debug|Any CPU = Debug|Any CPU
		Release|Any CPU = Release|Any CPU
	EndGlobalSection
	GlobalSection(ProjectConfigurationPlatforms) = postSolution
		{706C9C07-06F7-4844-8535-6A8F65315398}.Debug|Any CPU.ActiveCfg = Debug|Any CPU
		{706C9C07-06F7-4844-8535-6A8F65315398}.Debug|Any CPU.Build.0 = Debug|Any CPU
		{706C9C07-06F7-4844-8535-6A8F65315398}.Release|Any CPU.ActiveCfg = Release|Any CPU
		{706C9C07-06F7-4844-8535-6A8F65315398}.Release|Any CPU.Build.0 = Release|Any CPU
		{6ECB2996-FC7E-43F9-8EAC-3E6917DFC2CA}.Debug|Any CPU.ActiveCfg = Debug
		{6ECB2996-FC7E-43F9-8EAC-3E6917DFC2CA}.Debug|Any CPU.Build.0 = Debug
		{6ECB2996-FC7E-43F9-8EAC-3E6917DFC2CA}.Release|Any CPU.ActiveCfg = Release
		{6ECB2996-FC7E-43F9-8EAC-3E6917DFC2CA}.Release|Any CPU.Build.0 = Release
	EndGlobalSection
	GlobalSection(SolutionProperties) = preSolution
		HideSolutionNode = FALSE
	EndGlobalSection
	GlobalSection(ExtensibilityGlobals) = postSolution
		SolutionGuid = {04136F32-4CD9-4FD6-BDA1-F454A8E083BC}
	EndGlobalSection
EndGlobal
